
Microsoft Visual Studio Solution File, Format Version 12.00
# Visual Studio Version 17
VisualStudioVersion = 17.0.31903.59
MinimumVisualStudioVersion = 10.0.40219.1
Project("{2150E333-8FDC-42A3-9474-1A3956D46DE8}") = "src", "src", "{827E0CD3-B72D-47B6-A68D-7590B98EB39B}"
EndProject
Project("{FAE04EC0-301F-11D3-BF4B-00C04F79EFBC}") = "MiniLedger.Api", "src\MiniLedger.Api\MiniLedger.Api.csproj", "{935B3FDC-B5F2-47D9-931D-28924C0210E0}"
EndProject
Project("{FAE04EC0-301F-11D3-BF4B-00C04F79EFBC}") = "MiniLedger.Domain", "src\MiniLedger.Domain\MiniLedger.Domain.csproj", "{718D4E69-232E-4B51-B1C0-21477852BEB2}"
EndProject
Project("{FAE04EC0-301F-11D3-BF4B-00C04F79EFBC}") = "MiniLedger.Application", "src\MiniLedger.Application\MiniLedger.Application.csproj", "{FA2F8BED-3427-4DFF-B9A3-211FC4D760D5}"
EndProject
Project("{FAE04EC0-301F-11D3-BF4B-00C04F79EFBC}") = "MiniLedger.Infrastructure", "src\MiniLedger.Infrastructure\MiniLedger.Infrastructure.csproj", "{D777C3EA-F6E1-407E-B197-00E3328F4E48}"
EndProject
Project("{2150E333-8FDC-42A3-9474-1A3956D46DE8}") = "tests", "tests", "{0AB3BF05-4346-4AA6-1389-037BE0695223}"
EndProject
Project("{FAE04EC0-301F-11D3-BF4B-00C04F79EFBC}") = "MiniLedger.Tests", "tests\MiniLedger.Tests\MiniLedger.Tests.csproj", "{6ED770F4-B956-43B0-8CF0-8EA224892C0D}"
EndProject
Global
	GlobalSection(SolutionConfigurationPlatforms) = preSolution
		Debug|Any CPU = Debug|Any CPU
		Debug|x64 = Debug|x64
		Debug|x86 = Debug|x86
		Release|Any CPU = Release|Any CPU
		Release|x64 = Release|x64
		Release|x86 = Release|x86
	EndGlobalSection
	GlobalSection(ProjectConfigurationPlatforms) = postSolution
		{935B3FDC-B5F2-47D9-931D-28924C0210E0}.Debug|Any CPU.ActiveCfg = Debug|Any CPU
		{935B3FDC-B5F2-47D9-931D-28924C0210E0}.Debug|Any CPU.Build.0 = Debug|Any CPU
		{935B3FDC-B5F2-47D9-931D-28924C0210E0}.Debug|x64.ActiveCfg = Debug|Any CPU
		{935B3FDC-B5F2-47D9-931D-28924C0210E0}.Debug|x64.Build.0 = Debug|Any CPU
		{935B3FDC-B5F2-47D9-931D-28924C0210E0}.Debug|x86.ActiveCfg = Debug|Any CPU
		{935B3FDC-B5F2-47D9-931D-28924C0210E0}.Debug|x86.Build.0 = Debug|Any CPU
		{935B3FDC-B5F2-47D9-931D-28924C0210E0}.Release|Any CPU.ActiveCfg = Release|Any CPU
		{935B3FDC-B5F2-47D9-931D-28924C0210E0}.Release|Any CPU.Build.0 = Release|Any CPU
		{935B3FDC-B5F2-47D9-931D-28924C0210E0}.Release|x64.ActiveCfg = Release|Any CPU
		{935B3FDC-B5F2-47D9-931D-28924C0210E0}.Release|x64.Build.0 = Release|Any CPU
		{935B3FDC-B5F2-47D9-931D-28924C0210E0}.Release|x86.ActiveCfg = Release|Any CPU
		{935B3FDC-B5F2-47D9-931D-28924C0210E0}.Release|x86.Build.0 = Release|Any CPU
		{718D4E69-232E-4B51-B1C0-21477852BEB2}.Debug|Any CPU.ActiveCfg = Debug|Any CPU
		{718D4E69-232E-4B51-B1C0-21477852BEB2}.Debug|Any CPU.Build.0 = Debug|Any CPU
		{718D4E69-232E-4B51-B1C0-21477852BEB2}.Debug|x64.ActiveCfg = Debug|Any CPU
		{718D4E69-232E-4B51-B1C0-21477852BEB2}.Debug|x64.Build.0 = Debug|Any CPU
		{718D4E69-232E-4B51-B1C0-21477852BEB2}.Debug|x86.ActiveCfg = Debug|Any CPU
		{718D4E69-232E-4B51-B1C0-21477852BEB2}.Debug|x86.Build.0 = Debug|Any CPU
		{718D4E69-232E-4B51-B1C0-21477852BEB2}.Release|Any CPU.ActiveCfg = Release|Any CPU
		{718D4E69-232E-4B51-B1C0-21477852BEB2}.Release|Any CPU.Build.0 = Release|Any CPU
		{718D4E69-232E-4B51-B1C0-21477852BEB2}.Release|x64.ActiveCfg = Release|Any CPU
		{718D4E69-232E-4B51-B1C0-21477852BEB2}.Release|x64.Build.0 = Release|Any CPU
		{718D4E69-232E-4B51-B1C0-21477852BEB2}.Release|x86.ActiveCfg = Release|Any CPU
		{718D4E69-232E-4B51-B1C0-21477852BEB2}.Release|x86.Build.0 = Release|Any CPU
		{FA2F8BED-3427-4DFF-B9A3-211FC4D760D5}.Debug|Any CPU.ActiveCfg = Debug|Any CPU
		{FA2F8BED-3427-4DFF-B9A3-211FC4D760D5}.Debug|Any CPU.Build.0 = Debug|Any CPU
		{FA2F8BED-3427-4DFF-B9A3-211FC4D760D5}.Debug|x64.ActiveCfg = Debug|Any CPU
		{FA2F8BED-3427-4DFF-B9A3-211FC4D760D5}.Debug|x64.Build.0 = Debug|Any CPU
		{FA2F8BED-3427-4DFF-B9A3-211FC4D760D5}.Debug|x86.ActiveCfg = Debug|Any CPU
		{FA2F8BED-3427-4DFF-B9A3-211FC4D760D5}.Debug|x86.Build.0 = Debug|Any CPU
		{FA2F8BED-3427-4DFF-B9A3-211FC4D760D5}.Release|Any CPU.ActiveCfg = Release|Any CPU
		{FA2F8BED-3427-4DFF-B9A3-211FC4D760D5}.Release|Any CPU.Build.0 = Release|Any CPU
		{FA2F8BED-3427-4DFF-B9A3-211FC4D760D5}.Release|x64.ActiveCfg = Release|Any CPU
		{FA2F8BED-3427-4DFF-B9A3-211FC4D760D5}.Release|x64.Build.0 = Release|Any CPU
		{FA2F8BED-3427-4DFF-B9A3-211FC4D760D5}.Release|x86.ActiveCfg = Release|Any CPU
		{FA2F8BED-3427-4DFF-B9A3-211FC4D760D5}.Release|x86.Build.0 = Release|Any CPU
		{D777C3EA-F6E1-407E-B197-00E3328F4E48}.Debug|Any CPU.ActiveCfg = Debug|Any CPU
		{D777C3EA-F6E1-407E-B197-00E3328F4E48}.Debug|Any CPU.Build.0 = Debug|Any CPU
		{D777C3EA-F6E1-407E-B197-00E3328F4E48}.Debug|x64.ActiveCfg = Debug|Any CPU
		{D777C3EA-F6E1-407E-B197-00E3328F4E48}.Debug|x64.Build.0 = Debug|Any CPU
		{D777C3EA-F6E1-407E-B197-00E3328F4E48}.Debug|x86.ActiveCfg = Debug|Any CPU
		{D777C3EA-F6E1-407E-B197-00E3328F4E48}.Debug|x86.Build.0 = Debug|Any CPU
		{D777C3EA-F6E1-407E-B197-00E3328F4E48}.Release|Any CPU.ActiveCfg = Release|Any CPU
		{D777C3EA-F6E1-407E-B197-00E3328F4E48}.Release|Any CPU.Build.0 = Release|Any CPU
		{D777C3EA-F6E1-407E-B197-00E3328F4E48}.Release|x64.ActiveCfg = Release|Any CPU
		{D777C3EA-F6E1-407E-B197-00E3328F4E48}.Release|x64.Build.0 = Release|Any CPU
		{D777C3EA-F6E1-407E-B197-00E3328F4E48}.Release|x86.ActiveCfg = Release|Any CPU
		{D777C3EA-F6E1-407E-B197-00E3328F4E48}.Release|x86.Build.0 = Release|Any CPU
		{6ED770F4-B956-43B0-8CF0-8EA224892C0D}.Debug|Any CPU.ActiveCfg = Debug|Any CPU
		{6ED770F4-B956-43B0-8CF0-8EA224892C0D}.Debug|Any CPU.Build.0 = Debug|Any CPU
		{6ED770F4-B956-43B0-8CF0-8EA224892C0D}.Debug|x64.ActiveCfg = Debug|Any CPU
		{6ED770F4-B956-43B0-8CF0-8EA224892C0D}.Debug|x64.Build.0 = Debug|Any CPU
		{6ED770F4-B956-43B0-8CF0-8EA224892C0D}.Debug|x86.ActiveCfg = Debug|Any CPU
		{6ED770F4-B956-43B0-8CF0-8EA224892C0D}.Debug|x86.Build.0 = Debug|Any CPU
		{6ED770F4-B956-43B0-8CF0-8EA224892C0D}.Release|Any CPU.ActiveCfg = Release|Any CPU
		{6ED770F4-B956-43B0-8CF0-8EA224892C0D}.Release|Any CPU.Build.0 = Release|Any CPU
		{6ED770F4-B956-43B0-8CF0-8EA224892C0D}.Release|x64.ActiveCfg = Release|Any CPU
		{6ED770F4-B956-43B0-8CF0-8EA224892C0D}.Release|x64.Build.0 = Release|Any CPU
		{6ED770F4-B956-43B0-8CF0-8EA224892C0D}.Release|x86.ActiveCfg = Release|Any CPU
		{6ED770F4-B956-43B0-8CF0-8EA224892C0D}.Release|x86.Build.0 = Release|Any CPU
	EndGlobalSection
	GlobalSection(SolutionProperties) = preSolution
		HideSolutionNode = FALSE
	EndGlobalSection
	GlobalSection(NestedProjects) = preSolution
		{935B3FDC-B5F2-47D9-931D-28924C0210E0} = {827E0CD3-B72D-47B6-A68D-7590B98EB39B}
		{718D4E69-232E-4B51-B1C0-21477852BEB2} = {827E0CD3-B72D-47B6-A68D-7590B98EB39B}
		{FA2F8BED-3427-4DFF-B9A3-211FC4D760D5} = {827E0CD3-B72D-47B6-A68D-7590B98EB39B}
		{D777C3EA-F6E1-407E-B197-00E3328F4E48} = {827E0CD3-B72D-47B6-A68D-7590B98EB39B}
		{6ED770F4-B956-43B0-8CF0-8EA224892C0D} = {0AB3BF05-4346-4AA6-1389-037BE0695223}
	EndGlobalSection
EndGlobal
